
Microsoft Visual Studio Solution File, Format Version 12.00
# Visual Studio Version 16
VisualStudioVersion = 16.0.29709.97
MinimumVisualStudioVersion = 10.0.40219.1
Project("{FAE04EC0-301F-11D3-BF4B-00C04F79EFBC}") = "Äkänen_koutsi", "Äkänen_koutsi\Äkänen_koutsi.csproj", "{0253031F-7A78-467C-BCF3-1D78FC45046D}"
EndProject
Global
	GlobalSection(SolutionConfigurationPlatforms) = preSolution
		Debug|Any CPU = Debug|Any CPU
		Release|Any CPU = Release|Any CPU
	EndGlobalSection
	GlobalSection(ProjectConfigurationPlatforms) = postSolution
		{0253031F-7A78-467C-BCF3-1D78FC45046D}.Debug|Any CPU.ActiveCfg = Debug|Any CPU
		{0253031F-7A78-467C-BCF3-1D78FC45046D}.Debug|Any CPU.Build.0 = Debug|Any CPU
		{0253031F-7A78-467C-BCF3-1D78FC45046D}.Release|Any CPU.ActiveCfg = Release|Any CPU
		{0253031F-7A78-467C-BCF3-1D78FC45046D}.Release|Any CPU.Build.0 = Release|Any CPU
	EndGlobalSection
	GlobalSection(SolutionProperties) = preSolution
		HideSolutionNode = FALSE
	EndGlobalSection
	GlobalSection(ExtensibilityGlobals) = postSolution
		SolutionGuid = {CD80D781-07F5-4DF3-966E-F22745E0E90A}
	EndGlobalSection
EndGlobal
